
Microsoft Visual Studio Solution File, Format Version 12.00
# Visual Studio Version 16
VisualStudioVersion = 16.0.32428.217
MinimumVisualStudioVersion = 10.0.40219.1
Project("{9A19103F-16F7-4668-BE54-9A1E7A4F7556}") = "MyGarageApp", "MyGarageApp\MyGarageApp.csproj", "{B398B9DC-7D99-4DED-9C34-B25A6189A871}"
EndProject
Global
	GlobalSection(SolutionConfigurationPlatforms) = preSolution
		Debug|Any CPU = Debug|Any CPU
		Release|Any CPU = Release|Any CPU
	EndGlobalSection
	GlobalSection(ProjectConfigurationPlatforms) = postSolution
		{B398B9DC-7D99-4DED-9C34-B25A6189A871}.Debug|Any CPU.ActiveCfg = Debug|Any CPU
		{B398B9DC-7D99-4DED-9C34-B25A6189A871}.Debug|Any CPU.Build.0 = Debug|Any CPU
		{B398B9DC-7D99-4DED-9C34-B25A6189A871}.Release|Any CPU.ActiveCfg = Release|Any CPU
		{B398B9DC-7D99-4DED-9C34-B25A6189A871}.Release|Any CPU.Build.0 = Release|Any CPU
	EndGlobalSection
	GlobalSection(SolutionProperties) = preSolution
		HideSolutionNode = FALSE
	EndGlobalSection
	GlobalSection(ExtensibilityGlobals) = postSolution
		SolutionGuid = {4A4E1357-15D1-4694-A002-9D105166A344}
	EndGlobalSection
EndGlobal
